
Microsoft Visual Studio Solution File, Format Version 12.00
# Visual Studio Version 17
VisualStudioVersion = 17.8.34511.84
MinimumVisualStudioVersion = 10.0.40219.1
Project("{FAE04EC0-301F-11D3-BF4B-00C04F79EFBC}") = "Prototype_Pattern", "Prototype_Pattern\Prototype_Pattern.csproj", "{8A813E3B-CEE1-487E-8F43-AF4A73AECEF0}"
EndProject
Global
	GlobalSection(SolutionConfigurationPlatforms) = preSolution
		Debug|Any CPU = Debug|Any CPU
		Release|Any CPU = Release|Any CPU
	EndGlobalSection
	GlobalSection(ProjectConfigurationPlatforms) = postSolution
		{8A813E3B-CEE1-487E-8F43-AF4A73AECEF0}.Debug|Any CPU.ActiveCfg = Debug|Any CPU
		{8A813E3B-CEE1-487E-8F43-AF4A73AECEF0}.Debug|Any CPU.Build.0 = Debug|Any CPU
		{8A813E3B-CEE1-487E-8F43-AF4A73AECEF0}.Release|Any CPU.ActiveCfg = Release|Any CPU
		{8A813E3B-CEE1-487E-8F43-AF4A73AECEF0}.Release|Any CPU.Build.0 = Release|Any CPU
	EndGlobalSection
	GlobalSection(SolutionProperties) = preSolution
		HideSolutionNode = FALSE
	EndGlobalSection
	GlobalSection(ExtensibilityGlobals) = postSolution
		SolutionGuid = {7B33CDFE-7CEB-4FA1-A4B5-E15864103C3F}
	EndGlobalSection
EndGlobal
